
Microsoft Visual Studio Solution File, Format Version 12.00
# Visual Studio Version 16
VisualStudioVersion = 16.0.29230.47
MinimumVisualStudioVersion = 10.0.40219.1
Project("{FAE04EC0-301F-11D3-BF4B-00C04F79EFBC}") = "FunctionalCore", "src\FunctionalCore\FunctionalCore.csproj", "{401C4B19-EC9A-414F-BD3A-C92EF1A0363B}"
EndProject
Project("{FAE04EC0-301F-11D3-BF4B-00C04F79EFBC}") = "FunctionalCore.Tests", "tests\FunctionalCore.Tests\FunctionalCore.Tests.csproj", "{58E3FD65-19B1-41F4-BC9C-2B4F8880BDEA}"
EndProject
Project("{FAE04EC0-301F-11D3-BF4B-00C04F79EFBC}") = "FunctionalCore.Client", "src\FunctionalCore.Client\FunctionalCore.Client.csproj", "{77C968BD-5AAA-440E-884B-A66110FCE4EC}"
EndProject
Global
	GlobalSection(SolutionConfigurationPlatforms) = preSolution
		Debug|Any CPU = Debug|Any CPU
		Release|Any CPU = Release|Any CPU
	EndGlobalSection
	GlobalSection(ProjectConfigurationPlatforms) = postSolution
		{401C4B19-EC9A-414F-BD3A-C92EF1A0363B}.Debug|Any CPU.ActiveCfg = Debug|Any CPU
		{401C4B19-EC9A-414F-BD3A-C92EF1A0363B}.Debug|Any CPU.Build.0 = Debug|Any CPU
		{401C4B19-EC9A-414F-BD3A-C92EF1A0363B}.Release|Any CPU.ActiveCfg = Release|Any CPU
		{401C4B19-EC9A-414F-BD3A-C92EF1A0363B}.Release|Any CPU.Build.0 = Release|Any CPU
		{58E3FD65-19B1-41F4-BC9C-2B4F8880BDEA}.Debug|Any CPU.ActiveCfg = Debug|Any CPU
		{58E3FD65-19B1-41F4-BC9C-2B4F8880BDEA}.Debug|Any CPU.Build.0 = Debug|Any CPU
		{58E3FD65-19B1-41F4-BC9C-2B4F8880BDEA}.Release|Any CPU.ActiveCfg = Release|Any CPU
		{58E3FD65-19B1-41F4-BC9C-2B4F8880BDEA}.Release|Any CPU.Build.0 = Release|Any CPU
		{77C968BD-5AAA-440E-884B-A66110FCE4EC}.Debug|Any CPU.ActiveCfg = Debug|Any CPU
		{77C968BD-5AAA-440E-884B-A66110FCE4EC}.Debug|Any CPU.Build.0 = Debug|Any CPU
		{77C968BD-5AAA-440E-884B-A66110FCE4EC}.Release|Any CPU.ActiveCfg = Release|Any CPU
		{77C968BD-5AAA-440E-884B-A66110FCE4EC}.Release|Any CPU.Build.0 = Release|Any CPU
	EndGlobalSection
	GlobalSection(SolutionProperties) = preSolution
		HideSolutionNode = FALSE
	EndGlobalSection
	GlobalSection(ExtensibilityGlobals) = postSolution
		SolutionGuid = {BF87E960-ADAF-43CA-87BC-F6809A1AA873}
	EndGlobalSection
EndGlobal
